
Microsoft Visual Studio Solution File, Format Version 12.00
# Visual Studio 15
VisualStudioVersion = 15.0.27004.2008
MinimumVisualStudioVersion = 10.0.40219.1
Project("{FAE04EC0-301F-11D3-BF4B-00C04F79EFBC}") = "PeVC", "PeVC\PeVC.csproj", "{4C39B985-2A6E-4CA8-8DD9-D352528438FB}"
EndProject
Global
	GlobalSection(SolutionConfigurationPlatforms) = preSolution
		Debug|Any CPU = Debug|Any CPU
		Debug|x64 = Debug|x64
		Release|Any CPU = Release|Any CPU
		Release|x64 = Release|x64
	EndGlobalSection
	GlobalSection(ProjectConfigurationPlatforms) = postSolution
		{4C39B985-2A6E-4CA8-8DD9-D352528438FB}.Debug|Any CPU.ActiveCfg = Debug|Any CPU
		{4C39B985-2A6E-4CA8-8DD9-D352528438FB}.Debug|Any CPU.Build.0 = Debug|Any CPU
		{4C39B985-2A6E-4CA8-8DD9-D352528438FB}.Debug|x64.ActiveCfg = Debug|x64
		{4C39B985-2A6E-4CA8-8DD9-D352528438FB}.Debug|x64.Build.0 = Debug|x64
		{4C39B985-2A6E-4CA8-8DD9-D352528438FB}.Release|Any CPU.ActiveCfg = Release|Any CPU
		{4C39B985-2A6E-4CA8-8DD9-D352528438FB}.Release|Any CPU.Build.0 = Release|Any CPU
		{4C39B985-2A6E-4CA8-8DD9-D352528438FB}.Release|x64.ActiveCfg = Release|x64
		{4C39B985-2A6E-4CA8-8DD9-D352528438FB}.Release|x64.Build.0 = Release|x64
	EndGlobalSection
	GlobalSection(SolutionProperties) = preSolution
		HideSolutionNode = FALSE
	EndGlobalSection
	GlobalSection(ExtensibilityGlobals) = postSolution
		SolutionGuid = {5096FEE6-D113-45E6-801A-C064772C71C8}
	EndGlobalSection
EndGlobal
